{
  "originHash" : "660dac012e9087df9732b4cba386c9f08a38de22198cdefcf15dcdbb73ceccc0",
  "pins" : [
    {
      "identity" : "alerttoast",
      "kind" : "remoteSourceControl",
      "location" : "https://github.com/elai950/AlertToast.git",
      "state" : {
        "revision" : "b39252eacd159904afd7d718bba0afabb87f2f2f",
        "version" : "1.3.9"
      }
    },
    {
      "identity" : "swift-webrtc-sdk",
      "kind" : "remoteSourceControl",
      "location" : "https://github.com/Bandwidth-Samples/swift-webrtc-sdk",
      "state" : {
        "branch" : "main",
        "revision" : "12ce109d0b8b8db9b155df2752d254c0d8e8b791"
      }
    }
  ],
  "version" : 3
}
