{
  "originHash" : "4df900d007b29fb336b9f6771d9523f02fbe0ff083a3b7da8d95348c7f794579",
  "pins" : [
    {
      "identity" : "alerttoast",
      "kind" : "remoteSourceControl",
      "location" : "https://github.com/elai950/AlertToast.git",
      "state" : {
        "revision" : "b39252eacd159904afd7d718bba0afabb87f2f2f",
        "version" : "1.3.9"
      }
    },
    {
      "identity" : "swift-webrtc-sdk",
      "kind" : "remoteSourceControl",
      "location" : "https://github.com/aman-capg/swift-webrtc-sdk.git",
      "state" : {
        "branch" : "WEBRTC-167",
        "revision" : "1097526ae8b6257161dae21d75fbed1c02c037d1"
      }
    }
  ],
  "version" : 3
}
